{
  "nodes": {
    "flake-utils": {
      "locked": {
        "lastModified": 1656928814,
        "narHash": "sha256-RIFfgBuKz6Hp89yRr7+NR5tzIAbn52h8vT6vXkYjZoM=",
        "owner": "numtide",
        "repo": "flake-utils",
        "rev": "7e2a3b3dfd9af950a856d66b0a7d01e3c18aa249",
        "type": "github"
      },
      "original": {
        "owner": "numtide",
        "ref": "master",
        "repo": "flake-utils",
        "type": "github"
      }
    },
    "haedosa": {
      "inputs": {
        "flake-utils": "flake-utils",
        "home-manager": "home-manager",
        "nixpkgs": "nixpkgs"
      },
      "locked": {
        "lastModified": 1645589913,
        "narHash": "sha256-njHITZjcmMUj8+uVAIYWGvkz2GxsADQ1lAYPI8ZNIpM=",
        "owner": "haedosa",
        "repo": "flakes",
        "rev": "fb86270f19dc7a72a593ab0c74b69c7a44b5f7de",
        "type": "github"
      },
      "original": {
        "owner": "haedosa",
        "ref": "21.11",
        "repo": "flakes",
        "type": "github"
      }
    },
    "home-manager": {
      "inputs": {
        "nixpkgs": [
          "haedosa",
          "nixpkgs"
        ]
      },
      "locked": {
        "lastModified": 1651519540,
        "narHash": "sha256-3k6p8VsTwwRPQjE8rrMh+o2AZACZn/eeYJ7ivdQ/Iro=",
        "owner": "nix-community",
        "repo": "home-manager",
        "rev": "d93d56ab8c1c6aa575854a79b9d2f69d491db7d0",
        "type": "github"
      },
      "original": {
        "owner": "nix-community",
        "ref": "release-21.11",
        "repo": "home-manager",
        "type": "github"
      }
    },
    "nixpkgs": {
      "locked": {
        "lastModified": 1659446231,
        "narHash": "sha256-hekabNdTdgR/iLsgce5TGWmfIDZ86qjPhxDg/8TlzhE=",
        "owner": "nixos",
        "repo": "nixpkgs",
        "rev": "eabc38219184cc3e04a974fe31857d8e0eac098d",
        "type": "github"
      },
      "original": {
        "owner": "nixos",
        "ref": "nixos-21.11",
        "repo": "nixpkgs",
        "type": "github"
      }
    },
    "root": {
      "inputs": {
        "flake-utils": [
          "haedosa",
          "flake-utils"
        ],
        "haedosa": "haedosa",
        "nixpkgs": [
          "haedosa",
          "nixpkgs"
        ]
      }
    }
  },
  "root": "root",
  "version": 7
}
